// !$*UTF8*$!
{
	archiveVersion = 1;
	classes = {
	};
	objectVersion = 46;
	objects = {

/* Begin PBXBuildFile section */
		41636F5D1A28BDA00022FC77 /* main.m in Sources */ = {isa = PBXBuildFile; fileRef = 41636F5C1A28BDA00022FC77 /* main.m */; };
		41636F601A28BDA00022FC77 /* AppDelegate.m in Sources */ = {isa = PBXBuildFile; fileRef = 41636F5F1A28BDA00022FC77 /* AppDelegate.m */; };
		41636F631A28BDA00022FC77 /* ViewController.m in Sources */ = {isa = PBXBuildFile; fileRef = 41636F621A28BDA00022FC77 /* ViewController.m */; };
		41636F661A28BDA00022FC77 /* Main.storyboard in Resources */ = {isa = PBXBuildFile; fileRef = 41636F641A28BDA00022FC77 /* Main.storyboard */; };
		41636F681A28BDA00022FC77 /* Images.xcassets in Resources */ = {isa = PBXBuildFile; fileRef = 41636F671A28BDA00022FC77 /* Images.xcassets */; };
		41636F6B1A28BDA00022FC77 /* LaunchScreen.xib in Resources */ = {isa = PBXBuildFile; fileRef = 41636F691A28BDA00022FC77 /* LaunchScreen.xib */; };
		41636F771A28BDA00022FC77 /* Stretch_Table_HeadTests.m in Sources */ = {isa = PBXBuildFile; fileRef = 41636F761A28BDA00022FC77 /* Stretch_Table_HeadTests.m */; };
/* End PBXBuildFile section */

/* Begin PBXContainerItemProxy section */
		41636F711A28BDA00022FC77 /* PBXContainerItemProxy */ = {
			isa = PBXContainerItemProxy;
			containerPortal = 41636F4F1A28BDA00022FC77 /* Project object */;
			proxyType = 1;
			remoteGlobalIDString = 41636F561A28BDA00022FC77;
			remoteInfo = "Stretch Table Head";
		};
/* End PBXContainerItemProxy section */

/* Begin PBXFileReference section */
		41636F571A28BDA00022FC77 /* Stretch Table Head.app */ = {isa = PBXFileReference; explicitFileType = wrapper.application; includeInIndex = 0; path = "Stretch Table Head.app"; sourceTree = BUILT_PRODUCTS_DIR; };
		41636F5B1A28BDA00022FC77 /* Info.plist */ = {isa = PBXFileReference; lastKnownFileType = text.plist.xml; path = Info.plist; sourceTree = "<group>"; };
		41636F5C1A28BDA00022FC77 /* main.m */ = {isa = PBXFileReference; lastKnownFileType = sourcecode.c.objc; path = main.m; sourceTree = "<group>"; };
		41636F5E1A28BDA00022FC77 /* AppDelegate.h */ = {isa = PBXFileReference; lastKnownFileType = sourcecode.c.h; path = AppDelegate.h; sourceTree = "<group>"; };
		41636F5F1A28BDA00022FC77 /* AppDelegate.m */ = {isa = PBXFileReference; lastKnownFileType = sourcecode.c.objc; path = AppDelegate.m; sourceTree = "<group>"; };
		41636F611A28BDA00022FC77 /* ViewController.h */ = {isa = PBXFileReference; lastKnownFileType = sourcecode.c.h; path = ViewController.h; sourceTree = "<group>"; };
		41636F621A28BDA00022FC77 /* ViewController.m */ = {isa = PBXFileReference; lastKnownFileType = sourcecode.c.objc; path = ViewController.m; sourceTree = "<group>"; };
		41636F651A28BDA00022FC77 /* Base */ = {isa = PBXFileReference; lastKnownFileType = file.storyboard; name = Base; path = Base.lproj/Main.storyboard; sourceTree = "<group>"; };
		41636F671A28BDA00022FC77 /* Images.xcassets */ = {isa = PBXFileReference; lastKnownFileType = folder.assetcatalog; path = Images.xcassets; sourceTree = "<group>"; };
		41636F6A1A28BDA00022FC77 /* Base */ = {isa = PBXFileReference; lastKnownFileType = file.xib; name = Base; path = Base.lproj/LaunchScreen.xib; sourceTree = "<group>"; };
		41636F701A28BDA00022FC77 /* Stretch Table HeadTests.xctest */ = {isa = PBXFileReference; explicitFileType = wrapper.cfbundle; includeInIndex = 0; path = "Stretch Table HeadTests.xctest"; sourceTree = BUILT_PRODUCTS_DIR; };
		41636F751A28BDA00022FC77 /* Info.plist */ = {isa = PBXFileReference; lastKnownFileType = text.plist.xml; path = Info.plist; sourceTree = "<group>"; };
		41636F761A28BDA00022FC77 /* Stretch_Table_HeadTests.m */ = {isa = PBXFileReference; lastKnownFileType = sourcecode.c.objc; path = Stretch_Table_HeadTests.m; sourceTree = "<group>"; };
/* End PBXFileReference section */

/* Begin PBXFrameworksBuildPhase section */
		41636F541A28BDA00022FC77 /* Frameworks */ = {
			isa = PBXFrameworksBuildPhase;
			buildActionMask = 2147483647;
			files = (
			);
			runOnlyForDeploymentPostprocessing = 0;
		};
		41636F6D1A28BDA00022FC77 /* Frameworks */ = {
			isa = PBXFrameworksBuildPhase;
			buildActionMask = 2147483647;
			files = (
			);
			runOnlyForDeploymentPostprocessing = 0;
		};
/* End PBXFrameworksBuildPhase section */

/* Begin PBXGroup section */
		41636F4E1A28BDA00022FC77 = {
			isa = PBXGroup;
			children = (
				41636F591A28BDA00022FC77 /* Stretch Table Head */,
				41636F731A28BDA00022FC77 /* Stretch Table HeadTests */,
				41636F581A28BDA00022FC77 /* Products */,
			);
			sourceTree = "<group>";
		};
		41636F581A28BDA00022FC77 /* Products */ = {
			isa = PBXGroup;
			children = (
				41636F571A28BDA00022FC77 /* Stretch Table Head.app */,
				41636F701A28BDA00022FC77 /* Stretch Table HeadTests.xctest */,
			);
			name = Products;
			sourceTree = "<group>";
		};
		41636F591A28BDA00022FC77 /* Stretch Table Head */ = {
			isa = PBXGroup;
			children = (
				41636F5E1A28BDA00022FC77 /* AppDelegate.h */,
				41636F5F1A28BDA00022FC77 /* AppDelegate.m */,
				41636F611A28BDA00022FC77 /* ViewController.h */,
				41636F621A28BDA00022FC77 /* ViewController.m */,
				41636F641A28BDA00022FC77 /* Main.storyboard */,
				41636F671A28BDA00022FC77 /* Images.xcassets */,
				41636F691A28BDA00022FC77 /* LaunchScreen.xib */,
				41636F5A1A28BDA00022FC77 /* Supporting Files */,
			);
			path = "Stretch Table Head";
			sourceTree = "<group>";
		};
		41636F5A1A28BDA00022FC77 /* Supporting Files */ = {
			isa = PBXGroup;
			children = (
				41636F5B1A28BDA00022FC77 /* Info.plist */,
				41636F5C1A28BDA00022FC77 /* main.m */,
			);
			name = "Supporting Files";
			sourceTree = "<group>";
		};
		41636F731A28BDA00022FC77 /* Stretch Table HeadTests */ = {
			isa = PBXGroup;
			children = (
				41636F761A28BDA00022FC77 /* Stretch_Table_HeadTests.m */,
				41636F741A28BDA00022FC77 /* Supporting Files */,
			);
			path = "Stretch Table HeadTests";
			sourceTree = "<group>";
		};
		41636F741A28BDA00022FC77 /* Supporting Files */ = {
			isa = PBXGroup;
			children = (
				41636F751A28BDA00022FC77 /* Info.plist */,
			);
			name = "Supporting Files";
			sourceTree = "<group>";
		};
/* End PBXGroup section */

/* Begin PBXNativeTarget section */
		41636F561A28BDA00022FC77 /* Stretch Table Head */ = {
			isa = PBXNativeTarget;
			buildConfigurationList = 41636F7A1A28BDA00022FC77 /* Build configuration list for PBXNativeTarget "Stretch Table Head" */;
			buildPhases = (
				41636F531A28BDA00022FC77 /* Sources */,
				41636F541A28BDA00022FC77 /* Frameworks */,
				41636F551A28BDA00022FC77 /* Resources */,
			);
			buildRules = (
			);
			dependencies = (
			);
			name = "Stretch Table Head";
			productName = "Stretch Table Head";
			productReference = 41636F571A28BDA00022FC77 /* Stretch Table Head.app */;
			productType = "com.apple.product-type.application";
		};
		41636F6F1A28BDA00022FC77 /* Stretch Table HeadTests */ = {
			isa = PBXNativeTarget;
			buildConfigurationList = 41636F7D1A28BDA00022FC77 /* Build configuration list for PBXNativeTarget "Stretch Table HeadTests" */;
			buildPhases = (
				41636F6C1A28BDA00022FC77 /* Sources */,
				41636F6D1A28BDA00022FC77 /* Frameworks */,
				41636F6E1A28BDA00022FC77 /* Resources */,
			);
			buildRules = (
			);
			dependencies = (
				41636F721A28BDA00022FC77 /* PBXTargetDependency */,
			);
			name = "Stretch Table HeadTests";
			productName = "Stretch Table HeadTests";
			productReference = 41636F701A28BDA00022FC77 /* Stretch Table HeadTests.xctest */;
			productType = "com.apple.product-type.bundle.unit-test";
		};
/* End PBXNativeTarget section */

/* Begin PBXProject section */
		41636F4F1A28BDA00022FC77 /* Project object */ = {
			isa = PBXProject;
			attributes = {
				LastUpgradeCheck = 0610;
				ORGANIZATIONNAME = "Jian Yao Ang";
				TargetAttributes = {
					41636F561A28BDA00022FC77 = {
						CreatedOnToolsVersion = 6.1;
					};
					41636F6F1A28BDA00022FC77 = {
						CreatedOnToolsVersion = 6.1;
						TestTargetID = 41636F561A28BDA00022FC77;
					};
				};
			};
			buildConfigurationList = 41636F521A28BDA00022FC77 /* Build configuration list for PBXProject "Stretch Table Head" */;
			compatibilityVersion = "Xcode 3.2";
			developmentRegion = English;
			hasScannedForEncodings = 0;
			knownRegions = (
				en,
				Base,
			);
			mainGroup = 41636F4E1A28BDA00022FC77;
			productRefGroup = 41636F581A28BDA00022FC77 /* Products */;
			projectDirPath = "";
			projectRoot = "";
			targets = (
				41636F561A28BDA00022FC77 /* Stretch Table Head */,
				41636F6F1A28BDA00022FC77 /* Stretch Table HeadTests */,
			);
		};
/* End PBXProject section */

/* Begin PBXResourcesBuildPhase section */
		41636F551A28BDA00022FC77 /* Resources */ = {
			isa = PBXResourcesBuildPhase;
			buildActionMask = 2147483647;
			files = (
				41636F661A28BDA00022FC77 /* Main.storyboard in Resources */,
				41636F6B1A28BDA00022FC77 /* LaunchScreen.xib in Resources */,
				41636F681A28BDA00022FC77 /* Images.xcassets in Resources */,
			);
			runOnlyForDeploymentPostprocessing = 0;
		};
		41636F6E1A28BDA00022FC77 /* Resources */ = {
			isa = PBXResourcesBuildPhase;
			buildActionMask = 2147483647;
			files = (
			);
			runOnlyForDeploymentPostprocessing = 0;
		};
/* End PBXResourcesBuildPhase section */

/* Begin PBXSourcesBuildPhase section */
		41636F531A28BDA00022FC77 /* Sources */ = {
			isa = PBXSourcesBuildPhase;
			buildActionMask = 2147483647;
			files = (
				41636F631A28BDA00022FC77 /* ViewController.m in Sources */,
				41636F601A28BDA00022FC77 /* AppDelegate.m in Sources */,
				41636F5D1A28BDA00022FC77 /* main.m in Sources */,
			);
			runOnlyForDeploymentPostprocessing = 0;
		};
		41636F6C1A28BDA00022FC77 /* Sources */ = {
			isa = PBXSourcesBuildPhase;
			buildActionMask = 2147483647;
			files = (
				41636F771A28BDA00022FC77 /* Stretch_Table_HeadTests.m in Sources */,
			);
			runOnlyForDeploymentPostprocessing = 0;
		};
/* End PBXSourcesBuildPhase section */

/* Begin PBXTargetDependency section */
		41636F721A28BDA00022FC77 /* PBXTargetDependency */ = {
			isa = PBXTargetDependency;
			target = 41636F561A28BDA00022FC77 /* Stretch Table Head */;
			targetProxy = 41636F711A28BDA00022FC77 /* PBXContainerItemProxy */;
		};
/* End PBXTargetDependency section */

/* Begin PBXVariantGroup section */
		41636F641A28BDA00022FC77 /* Main.storyboard */ = {
			isa = PBXVariantGroup;
			children = (
				41636F651A28BDA00022FC77 /* Base */,
			);
			name = Main.storyboard;
			sourceTree = "<group>";
		};
		41636F691A28BDA00022FC77 /* LaunchScreen.xib */ = {
			isa = PBXVariantGroup;
			children = (
				41636F6A1A28BDA00022FC77 /* Base */,
			);
			name = LaunchScreen.xib;
			sourceTree = "<group>";
		};
/* End PBXVariantGroup section */

/* Begin XCBuildConfiguration section */
		41636F781A28BDA00022FC77 /* Debug */ = {
			isa = XCBuildConfiguration;
			buildSettings = {
				ALWAYS_SEARCH_USER_PATHS = NO;
				CLANG_CXX_LANGUAGE_STANDARD = "gnu++0x";
				CLANG_CXX_LIBRARY = "libc++";
				CLANG_ENABLE_MODULES = YES;
				CLANG_ENABLE_OBJC_ARC = YES;
				CLANG_WARN_BOOL_CONVERSION = YES;
				CLANG_WARN_CONSTANT_CONVERSION = YES;
				CLANG_WARN_DIRECT_OBJC_ISA_USAGE = YES_ERROR;
				CLANG_WARN_EMPTY_BODY = YES;
				CLANG_WARN_ENUM_CONVERSION = YES;
				CLANG_WARN_INT_CONVERSION = YES;
				CLANG_WARN_OBJC_ROOT_CLASS = YES_ERROR;
				CLANG_WARN_UNREACHABLE_CODE = YES;
				CLANG_WARN__DUPLICATE_METHOD_MATCH = YES;
				"CODE_SIGN_IDENTITY[sdk=iphoneos*]" = "iPhone Developer";
				COPY_PHASE_STRIP = NO;
				ENABLE_STRICT_OBJC_MSGSEND = YES;
				GCC_C_LANGUAGE_STANDARD = gnu99;
				GCC_DYNAMIC_NO_PIC = NO;
				GCC_OPTIMIZATION_LEVEL = 0;
				GCC_PREPROCESSOR_DEFINITIONS = (
					"DEBUG=1",
					"$(inherited)",
				);
				GCC_SYMBOLS_PRIVATE_EXTERN = NO;
				GCC_WARN_64_TO_32_BIT_CONVERSION = YES;
				GCC_WARN_ABOUT_RETURN_TYPE = YES_ERROR;
				GCC_WARN_UNDECLARED_SELECTOR = YES;
				GCC_WARN_UNINITIALIZED_AUTOS = YES_AGGRESSIVE;
				GCC_WARN_UNUSED_FUNCTION = YES;
				GCC_WARN_UNUSED_VARIABLE = YES;
				IPHONEOS_DEPLOYMENT_TARGET = 8.1;
				MTL_ENABLE_DEBUG_INFO = YES;
				ONLY_ACTIVE_ARCH = YES;
				SDKROOT = iphoneos;
			};
			name = Debug;
		};
		41636F791A28BDA00022FC77 /* Release */ = {
			isa = XCBuildConfiguration;
			buildSettings = {
				ALWAYS_SEARCH_USER_PATHS = NO;
				CLANG_CXX_LANGUAGE_STANDARD = "gnu++0x";
				CLANG_CXX_LIBRARY = "libc++";
				CLANG_ENABLE_MODULES = YES;
				CLANG_ENABLE_OBJC_ARC = YES;
				CLANG_WARN_BOOL_CONVERSION = YES;
				CLANG_WARN_CONSTANT_CONVERSION = YES;
				CLANG_WARN_DIRECT_OBJC_ISA_USAGE = YES_ERROR;
				CLANG_WARN_EMPTY_BODY = YES;
				CLANG_WARN_ENUM_CONVERSION = YES;
				CLANG_WARN_INT_CONVERSION = YES;
				CLANG_WARN_OBJC_ROOT_CLASS = YES_ERROR;
				CLANG_WARN_UNREACHABLE_CODE = YES;
				CLANG_WARN__DUPLICATE_METHOD_MATCH = YES;
				"CODE_SIGN_IDENTITY[sdk=iphoneos*]" = "iPhone Developer";
				COPY_PHASE_STRIP = YES;
				ENABLE_NS_ASSERTIONS = NO;
				ENABLE_STRICT_OBJC_MSGSEND = YES;
				GCC_C_LANGUAGE_STANDARD = gnu99;
				GCC_WARN_64_TO_32_BIT_CONVERSION = YES;
				GCC_WARN_ABOUT_RETURN_TYPE = YES_ERROR;
				GCC_WARN_UNDECLARED_SELECTOR = YES;
				GCC_WARN_UNINITIALIZED_AUTOS = YES_AGGRESSIVE;
				GCC_WARN_UNUSED_FUNCTION = YES;
				GCC_WARN_UNUSED_VARIABLE = YES;
				IPHONEOS_DEPLOYMENT_TARGET = 8.1;
				MTL_ENABLE_DEBUG_INFO = NO;
				SDKROOT = iphoneos;
				VALIDATE_PRODUCT = YES;
			};
			name = Release;
		};
		41636F7B1A28BDA00022FC77 /* Debug */ = {
			isa = XCBuildConfiguration;
			buildSettings = {
				ASSETCATALOG_COMPILER_APPICON_NAME = AppIcon;
				INFOPLIST_FILE = "Stretch Table Head/Info.plist";
				LD_RUNPATH_SEARCH_PATHS = "$(inherited) @executable_path/Frameworks";
				PRODUCT_NAME = "$(TARGET_NAME)";
			};
			name = Debug;
		};
		41636F7C1A28BDA00022FC77 /* Release */ = {
			isa = XCBuildConfiguration;
			buildSettings = {
				ASSETCATALOG_COMPILER_APPICON_NAME = AppIcon;
				INFOPLIST_FILE = "Stretch Table Head/Info.plist";
				LD_RUNPATH_SEARCH_PATHS = "$(inherited) @executable_path/Frameworks";
				PRODUCT_NAME = "$(TARGET_NAME)";
			};
			name = Release;
		};
		41636F7E1A28BDA00022FC77 /* Debug */ = {
			isa = XCBuildConfiguration;
			buildSettings = {
				BUNDLE_LOADER = "$(TEST_HOST)";
				FRAMEWORK_SEARCH_PATHS = (
					"$(SDKROOT)/Developer/Library/Frameworks",
					"$(inherited)",
				);
				GCC_PREPROCESSOR_DEFINITIONS = (
					"DEBUG=1",
					"$(inherited)",
				);
				INFOPLIST_FILE = "Stretch Table HeadTests/Info.plist";
				LD_RUNPATH_SEARCH_PATHS = "$(inherited) @executable_path/Frameworks @loader_path/Frameworks";
				PRODUCT_NAME = "$(TARGET_NAME)";
				TEST_HOST = "$(BUILT_PRODUCTS_DIR)/Stretch Table Head.app/Stretch Table Head";
			};
			name = Debug;
		};
		41636F7F1A28BDA00022FC77 /* Release */ = {
			isa = XCBuildConfiguration;
			buildSettings = {
				BUNDLE_LOADER = "$(TEST_HOST)";
				FRAMEWORK_SEARCH_PATHS = (
					"$(SDKROOT)/Developer/Library/Frameworks",
					"$(inherited)",
				);
				INFOPLIST_FILE = "Stretch Table HeadTests/Info.plist";
				LD_RUNPATH_SEARCH_PATHS = "$(inherited) @executable_path/Frameworks @loader_path/Frameworks";
				PRODUCT_NAME = "$(TARGET_NAME)";
				TEST_HOST = "$(BUILT_PRODUCTS_DIR)/Stretch Table Head.app/Stretch Table Head";
			};
			name = Release;
		};
/* End XCBuildConfiguration section */

/* Begin XCConfigurationList section */
		41636F521A28BDA00022FC77 /* Build configuration list for PBXProject "Stretch Table Head" */ = {
			isa = XCConfigurationList;
			buildConfigurations = (
				41636F781A28BDA00022FC77 /* Debug */,
				41636F791A28BDA00022FC77 /* Release */,
			);
			defaultConfigurationIsVisible = 0;
			defaultConfigurationName = Release;
		};
		41636F7A1A28BDA00022FC77 /* Build configuration list for PBXNativeTarget "Stretch Table Head" */ = {
			isa = XCConfigurationList;
			buildConfigurations = (
				41636F7B1A28BDA00022FC77 /* Debug */,
				41636F7C1A28BDA00022FC77 /* Release */,
			);
			defaultConfigurationIsVisible = 0;
		};
		41636F7D1A28BDA00022FC77 /* Build configuration list for PBXNativeTarget "Stretch Table HeadTests" */ = {
			isa = XCConfigurationList;
			buildConfigurations = (
				41636F7E1A28BDA00022FC77 /* Debug */,
				41636F7F1A28BDA00022FC77 /* Release */,
			);
			defaultConfigurationIsVisible = 0;
		};
/* End XCConfigurationList section */
	};
	rootObject = 41636F4F1A28BDA00022FC77 /* Project object */;
}
